
Microsoft Visual Studio Solution File, Format Version 12.00
# Visual Studio Version 16
VisualStudioVersion = 16.0.29306.81
MinimumVisualStudioVersion = 10.0.40219.1
Project("{9A19103F-16F7-4668-BE54-9A1E7A4F7556}") = "Jay_A4_FunAPI", "Jay_A4_FunAPI\Jay_A4_FunAPI.csproj", "{24B1F789-E9F8-48F9-ACED-AB1F4D4DC130}"
EndProject
Global
	GlobalSection(SolutionConfigurationPlatforms) = preSolution
		Debug|Any CPU = Debug|Any CPU
		Release|Any CPU = Release|Any CPU
	EndGlobalSection
	GlobalSection(ProjectConfigurationPlatforms) = postSolution
		{24B1F789-E9F8-48F9-ACED-AB1F4D4DC130}.Debug|Any CPU.ActiveCfg = Debug|Any CPU
		{24B1F789-E9F8-48F9-ACED-AB1F4D4DC130}.Debug|Any CPU.Build.0 = Debug|Any CPU
		{24B1F789-E9F8-48F9-ACED-AB1F4D4DC130}.Release|Any CPU.ActiveCfg = Release|Any CPU
		{24B1F789-E9F8-48F9-ACED-AB1F4D4DC130}.Release|Any CPU.Build.0 = Release|Any CPU
	EndGlobalSection
	GlobalSection(SolutionProperties) = preSolution
		HideSolutionNode = FALSE
	EndGlobalSection
	GlobalSection(ExtensibilityGlobals) = postSolution
		SolutionGuid = {6768BDCB-CA77-4DC6-B274-9D5CC0195913}
	EndGlobalSection
EndGlobal
